
Microsoft Visual Studio Solution File, Format Version 12.00
# Visual Studio Version 16
VisualStudioVersion = 16.0.30002.166
MinimumVisualStudioVersion = 10.0.40219.1
Project("{FAE04EC0-301F-11D3-BF4B-00C04F79EFBC}") = "FitnessAppInterface", "FintessAppInterface\FitnessAppInterface.csproj", "{0545BA76-311E-476C-84AE-0E2203C2781B}"
EndProject
Project("{FAE04EC0-301F-11D3-BF4B-00C04F79EFBC}") = "FitnessAppBusinessLogic", "FintnessAppBusinessLogic\FitnessAppBusinessLogic.csproj", "{95FD0900-6AEB-49FF-95D1-3898E7EDBBB2}"
EndProject
Global
	GlobalSection(SolutionConfigurationPlatforms) = preSolution
		Debug|Any CPU = Debug|Any CPU
		Release|Any CPU = Release|Any CPU
	EndGlobalSection
	GlobalSection(ProjectConfigurationPlatforms) = postSolution
		{0545BA76-311E-476C-84AE-0E2203C2781B}.Debug|Any CPU.ActiveCfg = Debug|Any CPU
		{0545BA76-311E-476C-84AE-0E2203C2781B}.Debug|Any CPU.Build.0 = Debug|Any CPU
		{0545BA76-311E-476C-84AE-0E2203C2781B}.Release|Any CPU.ActiveCfg = Release|Any CPU
		{0545BA76-311E-476C-84AE-0E2203C2781B}.Release|Any CPU.Build.0 = Release|Any CPU
		{95FD0900-6AEB-49FF-95D1-3898E7EDBBB2}.Debug|Any CPU.ActiveCfg = Debug|Any CPU
		{95FD0900-6AEB-49FF-95D1-3898E7EDBBB2}.Debug|Any CPU.Build.0 = Debug|Any CPU
		{95FD0900-6AEB-49FF-95D1-3898E7EDBBB2}.Release|Any CPU.ActiveCfg = Release|Any CPU
		{95FD0900-6AEB-49FF-95D1-3898E7EDBBB2}.Release|Any CPU.Build.0 = Release|Any CPU
	EndGlobalSection
	GlobalSection(SolutionProperties) = preSolution
		HideSolutionNode = FALSE
	EndGlobalSection
	GlobalSection(ExtensibilityGlobals) = postSolution
		SolutionGuid = {98889D80-DC97-4BE9-B7A6-534B510BE2A7}
	EndGlobalSection
EndGlobal
